# This file is generated by running "yarn install" inside your project.
# Manual changes might be lost - proceed with caution!

__metadata:
  version: 6
  cacheKey: 8

"accepts@npm:~1.3.8":
  version: 1.3.8
  resolution: "accepts@npm:1.3.8"
  dependencies:
    mime-types: ~2.1.34
    negotiator: 0.6.3
  checksum: 50c43d32e7b50285ebe84b613ee4a3aa426715a7d131b65b786e2ead0fd76b6b60091b9916d3478a75f11f162628a2139991b6c03ab3f1d9ab7c86075dc8eab4
  languageName: node
  linkType: hard

"array-flatten@npm:1.1.1":
  version: 1.1.1
  resolution: "array-flatten@npm:1.1.1"
  checksum: a9925bf3512d9dce202112965de90c222cd59a4fbfce68a0951d25d965cf44642931f40aac72309c41f12df19afa010ecadceb07cfff9ccc1621e99d89ab5f3b
  languageName: node
  linkType: hard

"asynckit@npm:^0.4.0":
  version: 0.4.0
  resolution: "asynckit@npm:0.4.0"
  checksum: 7b78c451df768adba04e2d02e63e2d0bf3b07adcd6e42b4cf665cb7ce899bedd344c69a1dcbce355b5f972d597b25aaa1c1742b52cffd9caccb22f348114f6be
  languageName: node
  linkType: hard

"big-integer@npm:^1.6.44":
  version: 1.6.51
  resolution: "big-integer@npm:1.6.51"
  checksum: 3d444173d1b2e20747e2c175568bedeebd8315b0637ea95d75fd27830d3b8e8ba36c6af40374f36bdaea7b5de376dcada1b07587cb2a79a928fccdb6e6e3c518
  languageName: node
  linkType: hard

"body-parser@npm:1.20.1":
  version: 1.20.1
  resolution: "body-parser@npm:1.20.1"
  dependencies:
    bytes: 3.1.2
    content-type: ~1.0.4
    debug: 2.6.9
    depd: 2.0.0
    destroy: 1.2.0
    http-errors: 2.0.0
    iconv-lite: 0.4.24
    on-finished: 2.4.1
    qs: 6.11.0
    raw-body: 2.5.1
    type-is: ~1.6.18
    unpipe: 1.0.0
  checksum: f1050dbac3bede6a78f0b87947a8d548ce43f91ccc718a50dd774f3c81f2d8b04693e52acf62659fad23101827dd318da1fb1363444ff9a8482b886a3e4a5266
  languageName: node
  linkType: hard

"bplist-parser@npm:^0.2.0":
  version: 0.2.0
  resolution: "bplist-parser@npm:0.2.0"
  dependencies:
    big-integer: ^1.6.44
  checksum: d5339dd16afc51de6c88f88f58a45b72ed6a06aa31f5557d09877575f220b7c1d3fbe375da0b62e6a10d4b8ed80523567e351f24014f5bc886ad523758142cdd
  languageName: node
  linkType: hard

"bundle-name@npm:^3.0.0":
  version: 3.0.0
  resolution: "bundle-name@npm:3.0.0"
  dependencies:
    run-applescript: ^5.0.0
  checksum: edf2b1fbe6096ed32e7566947ace2ea937ee427391744d7510a2880c4b9a5b3543d3f6c551236a29e5c87d3195f8e2912516290e638c15bcbede7b37cc375615
  languageName: node
  linkType: hard

"bytes@npm:3.1.2":
  version: 3.1.2
  resolution: "bytes@npm:3.1.2"
  checksum: e4bcd3948d289c5127591fbedf10c0b639ccbf00243504e4e127374a15c3bc8eed0d28d4aaab08ff6f1cf2abc0cce6ba3085ed32f4f90e82a5683ce0014e1b6e
  languageName: node
  linkType: hard

"call-bind@npm:^1.0.0":
  version: 1.0.2
  resolution: "call-bind@npm:1.0.2"
  dependencies:
    function-bind: ^1.1.1
    get-intrinsic: ^1.0.2
  checksum: f8e31de9d19988a4b80f3e704788c4a2d6b6f3d17cfec4f57dc29ced450c53a49270dc66bf0fbd693329ee948dd33e6c90a329519aef17474a4d961e8d6426b0
  languageName: node
  linkType: hard

"combined-stream@npm:^1.0.8":
  version: 1.0.8
  resolution: "combined-stream@npm:1.0.8"
  dependencies:
    delayed-stream: ~1.0.0
  checksum: 49fa4aeb4916567e33ea81d088f6584749fc90c7abec76fd516bf1c5aa5c79f3584b5ba3de6b86d26ddd64bae5329c4c7479343250cfe71c75bb366eae53bb7c
  languageName: node
  linkType: hard

"component-emitter@npm:^1.3.0":
  version: 1.3.0
  resolution: "component-emitter@npm:1.3.0"
  checksum: b3c46de38ffd35c57d1c02488355be9f218e582aec72d72d1b8bbec95a3ac1b38c96cd6e03ff015577e68f550fbb361a3bfdbd9bb248be9390b7b3745691be6b
  languageName: node
  linkType: hard

"content-disposition@npm:0.5.4":
  version: 0.5.4
  resolution: "content-disposition@npm:0.5.4"
  dependencies:
    safe-buffer: 5.2.1
  checksum: afb9d545e296a5171d7574fcad634b2fdf698875f4006a9dd04a3e1333880c5c0c98d47b560d01216fb6505a54a2ba6a843ee3a02ec86d7e911e8315255f56c3
  languageName: node
  linkType: hard

"content-type@npm:~1.0.4":
  version: 1.0.4
  resolution: "content-type@npm:1.0.4"
  checksum: 3d93585fda985d1554eca5ebd251994327608d2e200978fdbfba21c0c679914d5faf266d17027de44b34a72c7b0745b18584ecccaa7e1fdfb6a68ac7114f12e0
  languageName: node
  linkType: hard

"cookie-signature@npm:1.0.6":
  version: 1.0.6
  resolution: "cookie-signature@npm:1.0.6"
  checksum: f4e1b0a98a27a0e6e66fd7ea4e4e9d8e038f624058371bf4499cfcd8f3980be9a121486995202ba3fca74fbed93a407d6d54d43a43f96fd28d0bd7a06761591a
  languageName: node
  linkType: hard

"cookie@npm:0.5.0":
  version: 0.5.0
  resolution: "cookie@npm:0.5.0"
  checksum: 1f4bd2ca5765f8c9689a7e8954183f5332139eb72b6ff783d8947032ec1fdf43109852c178e21a953a30c0dd42257828185be01b49d1eb1a67fd054ca588a180
  languageName: node
  linkType: hard

"cookiejar@npm:^2.1.2":
  version: 2.1.2
  resolution: "cookiejar@npm:2.1.2"
  checksum: 706cad1a56db51dfb13c1fef73dab8e7fabcfdfbe5d58d463139b4af1482603291832053cc85564bc998a05784956a6cf0ac667414a0a8d7765c65ed3ed42f3e
  languageName: node
  linkType: hard

"cross-spawn@npm:^7.0.3":
  version: 7.0.3
  resolution: "cross-spawn@npm:7.0.3"
  dependencies:
    path-key: ^3.1.0
    shebang-command: ^2.0.0
    which: ^2.0.1
  checksum: 671cc7c7288c3a8406f3c69a3ae2fc85555c04169e9d611def9a675635472614f1c0ed0ef80955d5b6d4e724f6ced67f0ad1bb006c2ea643488fcfef994d7f52
  languageName: node
  linkType: hard

"debug@npm:2.6.9":
  version: 2.6.9
  resolution: "debug@npm:2.6.9"
  dependencies:
    ms: 2.0.0
  checksum: d2f51589ca66df60bf36e1fa6e4386b318c3f1e06772280eea5b1ae9fd3d05e9c2b7fd8a7d862457d00853c75b00451aa2d7459b924629ee385287a650f58fe6
  languageName: node
  linkType: hard

"debug@npm:^4.1.1":
  version: 4.3.1
  resolution: "debug@npm:4.3.1"
  dependencies:
    ms: 2.1.2
  peerDependenciesMeta:
    supports-color:
      optional: true
  checksum: 2c3352e37d5c46b0d203317cd45ea0e26b2c99f2d9dfec8b128e6ceba90dfb65425f5331bf3020fe9929d7da8c16758e737f4f3bfc0fce6b8b3d503bae03298b
  languageName: node
  linkType: hard

"default-browser-id@npm:^3.0.0":
  version: 3.0.0
  resolution: "default-browser-id@npm:3.0.0"
  dependencies:
    bplist-parser: ^0.2.0
    untildify: ^4.0.0
  checksum: 279c7ad492542e5556336b6c254a4eaf31b2c63a5433265655ae6e47301197b6cfb15c595a6fdc6463b2ff8e1a1a1ed3cba56038a60e1527ba4ab1628c6b9941
  languageName: node
  linkType: hard

"default-browser@npm:^4.0.0":
  version: 4.0.0
  resolution: "default-browser@npm:4.0.0"
  dependencies:
    bundle-name: ^3.0.0
    default-browser-id: ^3.0.0
    execa: ^7.1.1
    titleize: ^3.0.0
  checksum: 40c5af984799042b140300be5639c9742599bda76dc9eba5ac9ad5943c83dd36cebc4471eafcfddf8e0ec817166d5ba89d56f08e66a126c7c7908a179cead1a7
  languageName: node
  linkType: hard

"define-lazy-prop@npm:^3.0.0":
  version: 3.0.0
  resolution: "define-lazy-prop@npm:3.0.0"
  checksum: 54884f94caac0791bf6395a3ec530ce901cf71c47b0196b8754f3fd17edb6c0e80149c1214429d851873bb0d689dbe08dcedbb2306dc45c8534a5934723851b6
  languageName: node
  linkType: hard

"delayed-stream@npm:~1.0.0":
  version: 1.0.0
  resolution: "delayed-stream@npm:1.0.0"
  checksum: 46fe6e83e2cb1d85ba50bd52803c68be9bd953282fa7096f51fc29edd5d67ff84ff753c51966061e5ba7cb5e47ef6d36a91924eddb7f3f3483b1c560f77a0020
  languageName: node
  linkType: hard

"depd@npm:2.0.0":
  version: 2.0.0
  resolution: "depd@npm:2.0.0"
  checksum: abbe19c768c97ee2eed6282d8ce3031126662252c58d711f646921c9623f9052e3e1906443066beec1095832f534e57c523b7333f8e7e0d93051ab6baef5ab3a
  languageName: node
  linkType: hard

"destroy@npm:1.2.0":
  version: 1.2.0
  resolution: "destroy@npm:1.2.0"
  checksum: 0acb300b7478a08b92d810ab229d5afe0d2f4399272045ab22affa0d99dbaf12637659411530a6fcd597a9bdac718fc94373a61a95b4651bbc7b83684a565e38
  languageName: node
  linkType: hard

"dotenv@npm:16.3.1":
  version: 16.3.1
  resolution: "dotenv@npm:16.3.1"
  checksum: 15d75e7279018f4bafd0ee9706593dd14455ddb71b3bcba9c52574460b7ccaf67d5cf8b2c08a5af1a9da6db36c956a04a1192b101ee102a3e0cf8817bbcf3dfd
  languageName: node
  linkType: hard

"ee-first@npm:1.1.1":
  version: 1.1.1
  resolution: "ee-first@npm:1.1.1"
  checksum: 1b4cac778d64ce3b582a7e26b218afe07e207a0f9bfe13cc7395a6d307849cfe361e65033c3251e00c27dd060cab43014c2d6b2647676135e18b77d2d05b3f4f
  languageName: node
  linkType: hard

"encodeurl@npm:~1.0.2":
  version: 1.0.2
  resolution: "encodeurl@npm:1.0.2"
  checksum: e50e3d508cdd9c4565ba72d2012e65038e5d71bdc9198cb125beb6237b5b1ade6c0d343998da9e170fb2eae52c1bed37d4d6d98a46ea423a0cddbed5ac3f780c
  languageName: node
  linkType: hard

"escape-html@npm:~1.0.3":
  version: 1.0.3
  resolution: "escape-html@npm:1.0.3"
  checksum: 6213ca9ae00d0ab8bccb6d8d4e0a98e76237b2410302cf7df70aaa6591d509a2a37ce8998008cbecae8fc8ffaadf3fb0229535e6a145f3ce0b211d060decbb24
  languageName: node
  linkType: hard

"etag@npm:~1.8.1":
  version: 1.8.1
  resolution: "etag@npm:1.8.1"
  checksum: 571aeb3dbe0f2bbd4e4fadbdb44f325fc75335cd5f6f6b6a091e6a06a9f25ed5392f0863c5442acb0646787446e816f13cbfc6edce5b07658541dff573cab1ff
  languageName: node
  linkType: hard

"execa@npm:^5.0.0":
  version: 5.1.1
  resolution: "execa@npm:5.1.1"
  dependencies:
    cross-spawn: ^7.0.3
    get-stream: ^6.0.0
    human-signals: ^2.1.0
    is-stream: ^2.0.0
    merge-stream: ^2.0.0
    npm-run-path: ^4.0.1
    onetime: ^5.1.2
    signal-exit: ^3.0.3
    strip-final-newline: ^2.0.0
  checksum: fba9022c8c8c15ed862847e94c252b3d946036d7547af310e344a527e59021fd8b6bb0723883ea87044dc4f0201f949046993124a42ccb0855cae5bf8c786343
  languageName: node
  linkType: hard

"execa@npm:^7.1.1":
  version: 7.2.0
  resolution: "execa@npm:7.2.0"
  dependencies:
    cross-spawn: ^7.0.3
    get-stream: ^6.0.1
    human-signals: ^4.3.0
    is-stream: ^3.0.0
    merge-stream: ^2.0.0
    npm-run-path: ^5.1.0
    onetime: ^6.0.0
    signal-exit: ^3.0.7
    strip-final-newline: ^3.0.0
  checksum: 14fd17ba0ca8c87b277584d93b1d9fc24f2a65e5152b31d5eb159a3b814854283eaae5f51efa9525e304447e2f757c691877f7adff8fde5746aae67eb1edd1cc
  languageName: node
  linkType: hard

"express@npm:4.18.2":
  version: 4.18.2
  resolution: "express@npm:4.18.2"
  dependencies:
    accepts: ~1.3.8
    array-flatten: 1.1.1
    body-parser: 1.20.1
    content-disposition: 0.5.4
    content-type: ~1.0.4
    cookie: 0.5.0
    cookie-signature: 1.0.6
    debug: 2.6.9
    depd: 2.0.0
    encodeurl: ~1.0.2
    escape-html: ~1.0.3
    etag: ~1.8.1
    finalhandler: 1.2.0
    fresh: 0.5.2
    http-errors: 2.0.0
    merge-descriptors: 1.0.1
    methods: ~1.1.2
    on-finished: 2.4.1
    parseurl: ~1.3.3
    path-to-regexp: 0.1.7
    proxy-addr: ~2.0.7
    qs: 6.11.0
    range-parser: ~1.2.1
    safe-buffer: 5.2.1
    send: 0.18.0
    serve-static: 1.15.0
    setprototypeof: 1.2.0
    statuses: 2.0.1
    type-is: ~1.6.18
    utils-merge: 1.0.1
    vary: ~1.1.2
  checksum: 3c4b9b076879442f6b968fe53d85d9f1eeacbb4f4c41e5f16cc36d77ce39a2b0d81b3f250514982110d815b2f7173f5561367f9110fcc541f9371948e8c8b037
  languageName: node
  linkType: hard

"fast-safe-stringify@npm:^2.0.7":
  version: 2.0.7
  resolution: "fast-safe-stringify@npm:2.0.7"
  checksum: e0055e231d1fe0f97863dcfb45f5f285d59e3d23210e1e8a31348829e4a584e04ffe49f5944a0ba2f21d753b67b0ecb6f0ffc49ecd8c7f6f531cbcd45a5f606b
  languageName: node
  linkType: hard

"finalhandler@npm:1.2.0":
  version: 1.2.0
  resolution: "finalhandler@npm:1.2.0"
  dependencies:
    debug: 2.6.9
    encodeurl: ~1.0.2
    escape-html: ~1.0.3
    on-finished: 2.4.1
    parseurl: ~1.3.3
    statuses: 2.0.1
    unpipe: ~1.0.0
  checksum: 92effbfd32e22a7dff2994acedbd9bcc3aa646a3e919ea6a53238090e87097f8ef07cced90aa2cc421abdf993aefbdd5b00104d55c7c5479a8d00ed105b45716
  languageName: node
  linkType: hard

"form-data@npm:^3.0.0":
  version: 3.0.1
  resolution: "form-data@npm:3.0.1"
  dependencies:
    asynckit: ^0.4.0
    combined-stream: ^1.0.8
    mime-types: ^2.1.12
  checksum: b019e8d35c8afc14a2bd8a7a92fa4f525a4726b6d5a9740e8d2623c30e308fbb58dc8469f90415a856698933c8479b01646a9dff33c87cc4e76d72aedbbf860d
  languageName: node
  linkType: hard

"formidable@npm:^1.2.2":
  version: 1.2.2
  resolution: "formidable@npm:1.2.2"
  checksum: 43b3ec9a8f8055112e1a9a40eb748cdcd86cb9076dc9a17b0caa2bc26908eeae865dbee62d7c4bc26681fb75c2f42d60323af9c9d06c843e94f51f9b46954a0a
  languageName: node
  linkType: hard

"forwarded@npm:0.2.0":
  version: 0.2.0
  resolution: "forwarded@npm:0.2.0"
  checksum: fd27e2394d8887ebd16a66ffc889dc983fbbd797d5d3f01087c020283c0f019a7d05ee85669383d8e0d216b116d720fc0cef2f6e9b7eb9f4c90c6e0bc7fd28e6
  languageName: node
  linkType: hard

"fresh@npm:0.5.2":
  version: 0.5.2
  resolution: "fresh@npm:0.5.2"
  checksum: 13ea8b08f91e669a64e3ba3a20eb79d7ca5379a81f1ff7f4310d54e2320645503cc0c78daedc93dfb6191287295f6479544a649c64d8e41a1c0fb0c221552346
  languageName: node
  linkType: hard

"function-bind@npm:^1.1.1":
  version: 1.1.1
  resolution: "function-bind@npm:1.1.1"
  checksum: b32fbaebb3f8ec4969f033073b43f5c8befbb58f1a79e12f1d7490358150359ebd92f49e72ff0144f65f2c48ea2a605bff2d07965f548f6474fd8efd95bf361a
  languageName: node
  linkType: hard

"get-intrinsic@npm:^1.0.2":
  version: 1.1.1
  resolution: "get-intrinsic@npm:1.1.1"
  dependencies:
    function-bind: ^1.1.1
    has: ^1.0.3
    has-symbols: ^1.0.1
  checksum: a9fe2ca8fa3f07f9b0d30fb202bcd01f3d9b9b6b732452e79c48e79f7d6d8d003af3f9e38514250e3553fdc83c61650851cb6870832ac89deaaceb08e3721a17
  languageName: node
  linkType: hard

"get-stream@npm:^6.0.0, get-stream@npm:^6.0.1":
  version: 6.0.1
  resolution: "get-stream@npm:6.0.1"
  checksum: e04ecece32c92eebf5b8c940f51468cd53554dcbb0ea725b2748be583c9523d00128137966afce410b9b051eb2ef16d657cd2b120ca8edafcf5a65e81af63cad
  languageName: node
  linkType: hard

"has-symbols@npm:^1.0.1":
  version: 1.0.2
  resolution: "has-symbols@npm:1.0.2"
  checksum: 2309c426071731be792b5be43b3da6fb4ed7cbe8a9a6bcfca1862587709f01b33d575ce8f5c264c1eaad09fca2f9a8208c0a2be156232629daa2dd0c0740976b
  languageName: node
  linkType: hard

"has@npm:^1.0.3":
  version: 1.0.3
  resolution: "has@npm:1.0.3"
  dependencies:
    function-bind: ^1.1.1
  checksum: b9ad53d53be4af90ce5d1c38331e712522417d017d5ef1ebd0507e07c2fbad8686fffb8e12ddecd4c39ca9b9b47431afbb975b8abf7f3c3b82c98e9aad052792
  languageName: node
  linkType: hard

"http-errors@npm:2.0.0":
  version: 2.0.0
  resolution: "http-errors@npm:2.0.0"
  dependencies:
    depd: 2.0.0
    inherits: 2.0.4
    setprototypeof: 1.2.0
    statuses: 2.0.1
    toidentifier: 1.0.1
  checksum: 9b0a3782665c52ce9dc658a0d1560bcb0214ba5699e4ea15aefb2a496e2ca83db03ebc42e1cce4ac1f413e4e0d2d736a3fd755772c556a9a06853ba2a0b7d920
  languageName: node
  linkType: hard

"human-signals@npm:^2.1.0":
  version: 2.1.0
  resolution: "human-signals@npm:2.1.0"
  checksum: b87fd89fce72391625271454e70f67fe405277415b48bcc0117ca73d31fa23a4241787afdc8d67f5a116cf37258c052f59ea82daffa72364d61351423848e3b8
  languageName: node
  linkType: hard

"human-signals@npm:^4.3.0":
  version: 4.3.1
  resolution: "human-signals@npm:4.3.1"
  checksum: 6f12958df3f21b6fdaf02d90896c271df00636a31e2bbea05bddf817a35c66b38a6fdac5863e2df85bd52f34958997f1f50350ff97249e1dff8452865d5235d1
  languageName: node
  linkType: hard

"iconv-lite@npm:0.4.24":
  version: 0.4.24
  resolution: "iconv-lite@npm:0.4.24"
  dependencies:
    safer-buffer: ">= 2.1.2 < 3"
  checksum: bd9f120f5a5b306f0bc0b9ae1edeb1577161503f5f8252a20f1a9e56ef8775c9959fd01c55f2d3a39d9a8abaf3e30c1abeb1895f367dcbbe0a8fd1c9ca01c4f6
  languageName: node
  linkType: hard

"inherits@npm:2.0.4, inherits@npm:^2.0.3":
  version: 2.0.4
  resolution: "inherits@npm:2.0.4"
  checksum: 4a48a733847879d6cf6691860a6b1e3f0f4754176e4d71494c41f3475553768b10f84b5ce1d40fbd0e34e6bfbb864ee35858ad4dd2cf31e02fc4a154b724d7f1
  languageName: node
  linkType: hard

"ipaddr.js@npm:1.9.1":
  version: 1.9.1
  resolution: "ipaddr.js@npm:1.9.1"
  checksum: f88d3825981486f5a1942414c8d77dd6674dd71c065adcfa46f578d677edcb99fda25af42675cb59db492fdf427b34a5abfcde3982da11a8fd83a500b41cfe77
  languageName: node
  linkType: hard

"is-docker@npm:^2.0.0":
  version: 2.2.1
  resolution: "is-docker@npm:2.2.1"
  bin:
    is-docker: cli.js
  checksum: 3fef7ddbf0be25958e8991ad941901bf5922ab2753c46980b60b05c1bf9c9c2402d35e6dc32e4380b980ef5e1970a5d9d5e5aa2e02d77727c3b6b5e918474c56
  languageName: node
  linkType: hard

"is-docker@npm:^3.0.0":
  version: 3.0.0
  resolution: "is-docker@npm:3.0.0"
  bin:
    is-docker: cli.js
  checksum: b698118f04feb7eaf3338922bd79cba064ea54a1c3db6ec8c0c8d8ee7613e7e5854d802d3ef646812a8a3ace81182a085dfa0a71cc68b06f3fa794b9783b3c90
  languageName: node
  linkType: hard

"is-inside-container@npm:^1.0.0":
  version: 1.0.0
  resolution: "is-inside-container@npm:1.0.0"
  dependencies:
    is-docker: ^3.0.0
  bin:
    is-inside-container: cli.js
  checksum: c50b75a2ab66ab3e8b92b3bc534e1ea72ca25766832c0623ac22d134116a98bcf012197d1caabe1d1c4bd5f84363d4aa5c36bb4b585fbcaf57be172cd10a1a03
  languageName: node
  linkType: hard

"is-stream@npm:^2.0.0":
  version: 2.0.1
  resolution: "is-stream@npm:2.0.1"
  checksum: b8e05ccdf96ac330ea83c12450304d4a591f9958c11fd17bed240af8d5ffe08aedafa4c0f4cfccd4d28dc9d4d129daca1023633d5c11601a6cbc77521f6fae66
  languageName: node
  linkType: hard

"is-stream@npm:^3.0.0":
  version: 3.0.0
  resolution: "is-stream@npm:3.0.0"
  checksum: 172093fe99119ffd07611ab6d1bcccfe8bc4aa80d864b15f43e63e54b7abc71e779acd69afdb854c4e2a67fdc16ae710e370eda40088d1cfc956a50ed82d8f16
  languageName: node
  linkType: hard

"is-wsl@npm:^2.2.0":
  version: 2.2.0
  resolution: "is-wsl@npm:2.2.0"
  dependencies:
    is-docker: ^2.0.0
  checksum: 20849846ae414997d290b75e16868e5261e86ff5047f104027026fd61d8b5a9b0b3ade16239f35e1a067b3c7cc02f70183cb661010ed16f4b6c7c93dad1b19d8
  languageName: node
  linkType: hard

"isexe@npm:^2.0.0":
  version: 2.0.0
  resolution: "isexe@npm:2.0.0"
  checksum: 26bf6c5480dda5161c820c5b5c751ae1e766c587b1f951ea3fcfc973bafb7831ae5b54a31a69bd670220e42e99ec154475025a468eae58ea262f813fdc8d1c62
  languageName: node
  linkType: hard

"lru-cache@npm:^6.0.0":
  version: 6.0.0
  resolution: "lru-cache@npm:6.0.0"
  dependencies:
    yallist: ^4.0.0
  checksum: f97f499f898f23e4585742138a22f22526254fdba6d75d41a1c2526b3b6cc5747ef59c5612ba7375f42aca4f8461950e925ba08c991ead0651b4918b7c978297
  languageName: node
  linkType: hard

"media-typer@npm:0.3.0":
  version: 0.3.0
  resolution: "media-typer@npm:0.3.0"
  checksum: af1b38516c28ec95d6b0826f6c8f276c58aec391f76be42aa07646b4e39d317723e869700933ca6995b056db4b09a78c92d5440dc23657e6764be5d28874bba1
  languageName: node
  linkType: hard

"merge-descriptors@npm:1.0.1":
  version: 1.0.1
  resolution: "merge-descriptors@npm:1.0.1"
  checksum: 5abc259d2ae25bb06d19ce2b94a21632583c74e2a9109ee1ba7fd147aa7362b380d971e0251069f8b3eb7d48c21ac839e21fa177b335e82c76ec172e30c31a26
  languageName: node
  linkType: hard

"merge-stream@npm:^2.0.0":
  version: 2.0.0
  resolution: "merge-stream@npm:2.0.0"
  checksum: 6fa4dcc8d86629705cea944a4b88ef4cb0e07656ebf223fa287443256414283dd25d91c1cd84c77987f2aec5927af1a9db6085757cb43d90eb170ebf4b47f4f4
  languageName: node
  linkType: hard

"methods@npm:^1.1.2, methods@npm:~1.1.2":
  version: 1.1.2
  resolution: "methods@npm:1.1.2"
  checksum: 0917ff4041fa8e2f2fda5425a955fe16ca411591fbd123c0d722fcf02b73971ed6f764d85f0a6f547ce49ee0221ce2c19a5fa692157931cecb422984f1dcd13a
  languageName: node
  linkType: hard

"mime-db@npm:1.47.0":
  version: 1.47.0
  resolution: "mime-db@npm:1.47.0"
  checksum: 6808235243c39b3142e677af86972cf32de8ebbec81178491475a79aa07caf67646cd9b559972d22c3c372ddca4a093e58bb0ba10376d75a1efbd0e07be82de2
  languageName: node
  linkType: hard

"mime-db@npm:1.52.0":
  version: 1.52.0
  resolution: "mime-db@npm:1.52.0"
  checksum: 0d99a03585f8b39d68182803b12ac601d9c01abfa28ec56204fa330bc9f3d1c5e14beb049bafadb3dbdf646dfb94b87e24d4ec7b31b7279ef906a8ea9b6a513f
  languageName: node
  linkType: hard

"mime-types@npm:^2.1.12, mime-types@npm:~2.1.24":
  version: 2.1.30
  resolution: "mime-types@npm:2.1.30"
  dependencies:
    mime-db: 1.47.0
  checksum: 53c36729b1c4f6029fd5957d5859e62eff4b86311a6e1dce87937583dc8971fec9f359ffcff4be93d26bb5ddd03f1b5ffc7626912031ce0a63510d7896521b2e
  languageName: node
  linkType: hard

"mime-types@npm:~2.1.34":
  version: 2.1.35
  resolution: "mime-types@npm:2.1.35"
  dependencies:
    mime-db: 1.52.0
  checksum: 89a5b7f1def9f3af5dad6496c5ed50191ae4331cc5389d7c521c8ad28d5fdad2d06fd81baf38fed813dc4e46bb55c8145bb0ff406330818c9cf712fb2e9b3836
  languageName: node
  linkType: hard

"mime@npm:1.6.0":
  version: 1.6.0
  resolution: "mime@npm:1.6.0"
  bin:
    mime: cli.js
  checksum: fef25e39263e6d207580bdc629f8872a3f9772c923c7f8c7e793175cee22777bbe8bba95e5d509a40aaa292d8974514ce634ae35769faa45f22d17edda5e8557
  languageName: node
  linkType: hard

"mime@npm:^2.4.6":
  version: 2.5.2
  resolution: "mime@npm:2.5.2"
  bin:
    mime: cli.js
  checksum: dd3c93d433d41a09f6a1cfa969b653b769899f3bd573e7bfcea33bdc8b0cc4eba57daa2f95937369c2bd2b6d39d62389b11a4309fe40d1d3a1b736afdedad0ff
  languageName: node
  linkType: hard

"mimic-fn@npm:^2.1.0":
  version: 2.1.0
  resolution: "mimic-fn@npm:2.1.0"
  checksum: d2421a3444848ce7f84bd49115ddacff29c15745db73f54041edc906c14b131a38d05298dae3081667627a59b2eb1ca4b436ff2e1b80f69679522410418b478a
  languageName: node
  linkType: hard

"mimic-fn@npm:^4.0.0":
  version: 4.0.0
  resolution: "mimic-fn@npm:4.0.0"
  checksum: 995dcece15ee29aa16e188de6633d43a3db4611bcf93620e7e62109ec41c79c0f34277165b8ce5e361205049766e371851264c21ac64ca35499acb5421c2ba56
  languageName: node
  linkType: hard

"ms@npm:2.0.0":
  version: 2.0.0
  resolution: "ms@npm:2.0.0"
  checksum: 0e6a22b8b746d2e0b65a430519934fefd41b6db0682e3477c10f60c76e947c4c0ad06f63ffdf1d78d335f83edee8c0aa928aa66a36c7cd95b69b26f468d527f4
  languageName: node
  linkType: hard

"ms@npm:2.1.2":
  version: 2.1.2
  resolution: "ms@npm:2.1.2"
  checksum: 673cdb2c3133eb050c745908d8ce632ed2c02d85640e2edb3ace856a2266a813b30c613569bf3354fdf4ea7d1a1494add3bfa95e2713baa27d0c2c71fc44f58f
  languageName: node
  linkType: hard

"ms@npm:2.1.3":
  version: 2.1.3
  resolution: "ms@npm:2.1.3"
  checksum: aa92de608021b242401676e35cfa5aa42dd70cbdc082b916da7fb925c542173e36bce97ea3e804923fe92c0ad991434e4a38327e15a1b5b5f945d66df615ae6d
  languageName: node
  linkType: hard

"negotiator@npm:0.6.3":
  version: 0.6.3
  resolution: "negotiator@npm:0.6.3"
  checksum: b8ffeb1e262eff7968fc90a2b6767b04cfd9842582a9d0ece0af7049537266e7b2506dfb1d107a32f06dd849ab2aea834d5830f7f4d0e5cb7d36e1ae55d021d9
  languageName: node
  linkType: hard

"npm-run-path@npm:^4.0.1":
  version: 4.0.1
  resolution: "npm-run-path@npm:4.0.1"
  dependencies:
    path-key: ^3.0.0
  checksum: 5374c0cea4b0bbfdfae62da7bbdf1e1558d338335f4cacf2515c282ff358ff27b2ecb91ffa5330a8b14390ac66a1e146e10700440c1ab868208430f56b5f4d23
  languageName: node
  linkType: hard

"npm-run-path@npm:^5.1.0":
  version: 5.1.0
  resolution: "npm-run-path@npm:5.1.0"
  dependencies:
    path-key: ^4.0.0
  checksum: dc184eb5ec239d6a2b990b43236845332ef12f4e0beaa9701de724aa797fe40b6bbd0157fb7639d24d3ab13f5d5cf22d223a19c6300846b8126f335f788bee66
  languageName: node
  linkType: hard

"object-inspect@npm:^1.9.0":
  version: 1.10.3
  resolution: "object-inspect@npm:1.10.3"
  checksum: 9a56db2e0146fe94a7a9c78f677a2a28eec11d0ae13430e0bb2cb908fdd2d3feb7dbba7c638b9b7f88ace01d9a937227a8801709d13afb76613775aeb68632d3
  languageName: node
  linkType: hard

"on-finished@npm:2.4.1":
  version: 2.4.1
  resolution: "on-finished@npm:2.4.1"
  dependencies:
    ee-first: 1.1.1
  checksum: d20929a25e7f0bb62f937a425b5edeb4e4cde0540d77ba146ec9357f00b0d497cdb3b9b05b9c8e46222407d1548d08166bff69cc56dfa55ba0e4469228920ff0
  languageName: node
  linkType: hard

"onetime@npm:^5.1.2":
  version: 5.1.2
  resolution: "onetime@npm:5.1.2"
  dependencies:
    mimic-fn: ^2.1.0
  checksum: 2478859ef817fc5d4e9c2f9e5728512ddd1dbc9fb7829ad263765bb6d3b91ce699d6e2332eef6b7dff183c2f490bd3349f1666427eaba4469fba0ac38dfd0d34
  languageName: node
  linkType: hard

"onetime@npm:^6.0.0":
  version: 6.0.0
  resolution: "onetime@npm:6.0.0"
  dependencies:
    mimic-fn: ^4.0.0
  checksum: 0846ce78e440841335d4e9182ef69d5762e9f38aa7499b19f42ea1c4cd40f0b4446094c455c713f9adac3f4ae86f613bb5e30c99e52652764d06a89f709b3788
  languageName: node
  linkType: hard

"open@npm:9.1.0":
  version: 9.1.0
  resolution: "open@npm:9.1.0"
  dependencies:
    default-browser: ^4.0.0
    define-lazy-prop: ^3.0.0
    is-inside-container: ^1.0.0
    is-wsl: ^2.2.0
  checksum: 3993c0f61d51fed8ac290e99c9c3cf45d3b6cfb3e2aa2b74cafd312c3486c22fd81df16ac8f3ab91dd8a4e3e729a16fc2480cfc406c4833416cf908acf1ae7c9
  languageName: node
  linkType: hard

"parseurl@npm:~1.3.3":
  version: 1.3.3
  resolution: "parseurl@npm:1.3.3"
  checksum: 407cee8e0a3a4c5cd472559bca8b6a45b82c124e9a4703302326e9ab60fc1081442ada4e02628efef1eb16197ddc7f8822f5a91fd7d7c86b51f530aedb17dfa2
  languageName: node
  linkType: hard

"path-key@npm:^3.0.0, path-key@npm:^3.1.0":
  version: 3.1.1
  resolution: "path-key@npm:3.1.1"
  checksum: 55cd7a9dd4b343412a8386a743f9c746ef196e57c823d90ca3ab917f90ab9f13dd0ded27252ba49dbdfcab2b091d998bc446f6220cd3cea65db407502a740020
  languageName: node
  linkType: hard

"path-key@npm:^4.0.0":
  version: 4.0.0
  resolution: "path-key@npm:4.0.0"
  checksum: 8e6c314ae6d16b83e93032c61020129f6f4484590a777eed709c4a01b50e498822b00f76ceaf94bc64dbd90b327df56ceadce27da3d83393790f1219e07721d7
  languageName: node
  linkType: hard

"path-to-regexp@npm:0.1.7":
  version: 0.1.7
  resolution: "path-to-regexp@npm:0.1.7"
  checksum: 69a14ea24db543e8b0f4353305c5eac6907917031340e5a8b37df688e52accd09e3cebfe1660b70d76b6bd89152f52183f28c74813dbf454ba1a01c82a38abce
  languageName: node
  linkType: hard

"proxy-addr@npm:~2.0.7":
  version: 2.0.7
  resolution: "proxy-addr@npm:2.0.7"
  dependencies:
    forwarded: 0.2.0
    ipaddr.js: 1.9.1
  checksum: 29c6990ce9364648255454842f06f8c46fcd124d3e6d7c5066df44662de63cdc0bad032e9bf5a3d653ff72141cc7b6019873d685708ac8210c30458ad99f2b74
  languageName: node
  linkType: hard

"qs@npm:6.11.0":
  version: 6.11.0
  resolution: "qs@npm:6.11.0"
  dependencies:
    side-channel: ^1.0.4
  checksum: 6e1f29dd5385f7488ec74ac7b6c92f4d09a90408882d0c208414a34dd33badc1a621019d4c799a3df15ab9b1d0292f97c1dd71dc7c045e69f81a8064e5af7297
  languageName: node
  linkType: hard

"qs@npm:^6.9.4":
  version: 6.10.1
  resolution: "qs@npm:6.10.1"
  dependencies:
    side-channel: ^1.0.4
  checksum: 00e390dbf98eff4d8ff121b61ab2fe32106852290de99ecd0e40fc76651c4101f43fc6cc8313cb69423563876fc532951b11dda55d2917def05f292258263480
  languageName: node
  linkType: hard

"range-parser@npm:~1.2.1":
  version: 1.2.1
  resolution: "range-parser@npm:1.2.1"
  checksum: 0a268d4fea508661cf5743dfe3d5f47ce214fd6b7dec1de0da4d669dd4ef3d2144468ebe4179049eff253d9d27e719c88dae55be64f954e80135a0cada804ec9
  languageName: node
  linkType: hard

"raw-body@npm:2.5.1":
  version: 2.5.1
  resolution: "raw-body@npm:2.5.1"
  dependencies:
    bytes: 3.1.2
    http-errors: 2.0.0
    iconv-lite: 0.4.24
    unpipe: 1.0.0
  checksum: 5362adff1575d691bb3f75998803a0ffed8c64eabeaa06e54b4ada25a0cd1b2ae7f4f5ec46565d1bec337e08b5ac90c76eaa0758de6f72a633f025d754dec29e
  languageName: node
  linkType: hard

"readable-stream@npm:^3.6.0":
  version: 3.6.0
  resolution: "readable-stream@npm:3.6.0"
  dependencies:
    inherits: ^2.0.3
    string_decoder: ^1.1.1
    util-deprecate: ^1.0.1
  checksum: d4ea81502d3799439bb955a3a5d1d808592cf3133350ed352aeaa499647858b27b1c4013984900238b0873ec8d0d8defce72469fb7a83e61d53f5ad61cb80dc8
  languageName: node
  linkType: hard

"run-applescript@npm:^5.0.0":
  version: 5.0.0
  resolution: "run-applescript@npm:5.0.0"
  dependencies:
    execa: ^5.0.0
  checksum: d00c2dbfa5b2d774de7451194b8b125f40f65fc183de7d9dcae97f57f59433586d3c39b9001e111c38bfa24c3436c99df1bb4066a2a0c90d39a8c4cd6889af77
  languageName: node
  linkType: hard

"safe-buffer@npm:5.2.1, safe-buffer@npm:~5.2.0":
  version: 5.2.1
  resolution: "safe-buffer@npm:5.2.1"
  checksum: b99c4b41fdd67a6aaf280fcd05e9ffb0813654894223afb78a31f14a19ad220bba8aba1cb14eddce1fcfb037155fe6de4e861784eb434f7d11ed58d1e70dd491
  languageName: node
  linkType: hard

"safer-buffer@npm:>= 2.1.2 < 3":
  version: 2.1.2
  resolution: "safer-buffer@npm:2.1.2"
  checksum: cab8f25ae6f1434abee8d80023d7e72b598cf1327164ddab31003c51215526801e40b66c5e65d658a0af1e9d6478cadcb4c745f4bd6751f97d8644786c0978b0
  languageName: node
  linkType: hard

"semver@npm:^7.3.2":
  version: 7.3.5
  resolution: "semver@npm:7.3.5"
  dependencies:
    lru-cache: ^6.0.0
  bin:
    semver: bin/semver.js
  checksum: 5eafe6102bea2a7439897c1856362e31cc348ccf96efd455c8b5bc2c61e6f7e7b8250dc26b8828c1d76a56f818a7ee907a36ae9fb37a599d3d24609207001d60
  languageName: node
  linkType: hard

"send@npm:0.18.0":
  version: 0.18.0
  resolution: "send@npm:0.18.0"
  dependencies:
    debug: 2.6.9
    depd: 2.0.0
    destroy: 1.2.0
    encodeurl: ~1.0.2
    escape-html: ~1.0.3
    etag: ~1.8.1
    fresh: 0.5.2
    http-errors: 2.0.0
    mime: 1.6.0
    ms: 2.1.3
    on-finished: 2.4.1
    range-parser: ~1.2.1
    statuses: 2.0.1
  checksum: 74fc07ebb58566b87b078ec63e5a3e41ecd987e4272ba67b7467e86c6ad51bc6b0b0154133b6d8b08a2ddda360464f71382f7ef864700f34844a76c8027817a8
  languageName: node
  linkType: hard

"serve-static@npm:1.15.0":
  version: 1.15.0
  resolution: "serve-static@npm:1.15.0"
  dependencies:
    encodeurl: ~1.0.2
    escape-html: ~1.0.3
    parseurl: ~1.3.3
    send: 0.18.0
  checksum: af57fc13be40d90a12562e98c0b7855cf6e8bd4c107fe9a45c212bf023058d54a1871b1c89511c3958f70626fff47faeb795f5d83f8cf88514dbaeb2b724464d
  languageName: node
  linkType: hard

"setprototypeof@npm:1.2.0":
  version: 1.2.0
  resolution: "setprototypeof@npm:1.2.0"
  checksum: be18cbbf70e7d8097c97f713a2e76edf84e87299b40d085c6bf8b65314e994cc15e2e317727342fa6996e38e1f52c59720b53fe621e2eb593a6847bf0356db89
  languageName: node
  linkType: hard

"shebang-command@npm:^2.0.0":
  version: 2.0.0
  resolution: "shebang-command@npm:2.0.0"
  dependencies:
    shebang-regex: ^3.0.0
  checksum: 6b52fe87271c12968f6a054e60f6bde5f0f3d2db483a1e5c3e12d657c488a15474121a1d55cd958f6df026a54374ec38a4a963988c213b7570e1d51575cea7fa
  languageName: node
  linkType: hard

"shebang-regex@npm:^3.0.0":
  version: 3.0.0
  resolution: "shebang-regex@npm:3.0.0"
  checksum: 1a2bcae50de99034fcd92ad4212d8e01eedf52c7ec7830eedcf886622804fe36884278f2be8be0ea5fde3fd1c23911643a4e0f726c8685b61871c8908af01222
  languageName: node
  linkType: hard

"side-channel@npm:^1.0.4":
  version: 1.0.4
  resolution: "side-channel@npm:1.0.4"
  dependencies:
    call-bind: ^1.0.0
    get-intrinsic: ^1.0.2
    object-inspect: ^1.9.0
  checksum: 351e41b947079c10bd0858364f32bb3a7379514c399edb64ab3dce683933483fc63fb5e4efe0a15a2e8a7e3c436b6a91736ddb8d8c6591b0460a24bb4a1ee245
  languageName: node
  linkType: hard

"signal-exit@npm:^3.0.3, signal-exit@npm:^3.0.7":
  version: 3.0.7
  resolution: "signal-exit@npm:3.0.7"
  checksum: a2f098f247adc367dffc27845853e9959b9e88b01cb301658cfe4194352d8d2bb32e18467c786a7fe15f1d44b233ea35633d076d5e737870b7139949d1ab6318
  languageName: node
  linkType: hard

"spotify-purge-playlist@workspace:.":
  version: 0.0.0-use.local
  resolution: "spotify-purge-playlist@workspace:."
  dependencies:
    dotenv: 16.3.1
    express: 4.18.2
    open: 9.1.0
    spotify-web-api-node: ^5.0.2
  languageName: unknown
  linkType: soft

"spotify-web-api-node@npm:^5.0.2":
  version: 5.0.2
  resolution: "spotify-web-api-node@npm:5.0.2"
  dependencies:
    superagent: ^6.1.0
  checksum: 437c806332de20dce19ebf24917c8e46020e12fcf421649d9dc8147c14ddd0882cb862051c71beb0c6dbf2adbb28784b6f39076bcc0ce938823300b48dac884a
  languageName: node
  linkType: hard

"statuses@npm:2.0.1":
  version: 2.0.1
  resolution: "statuses@npm:2.0.1"
  checksum: 18c7623fdb8f646fb213ca4051be4df7efb3484d4ab662937ca6fbef7ced9b9e12842709872eb3020cc3504b93bde88935c9f6417489627a7786f24f8031cbcb
  languageName: node
  linkType: hard

"string_decoder@npm:^1.1.1":
  version: 1.3.0
  resolution: "string_decoder@npm:1.3.0"
  dependencies:
    safe-buffer: ~5.2.0
  checksum: 8417646695a66e73aefc4420eb3b84cc9ffd89572861fe004e6aeb13c7bc00e2f616247505d2dbbef24247c372f70268f594af7126f43548565c68c117bdeb56
  languageName: node
  linkType: hard

"strip-final-newline@npm:^2.0.0":
  version: 2.0.0
  resolution: "strip-final-newline@npm:2.0.0"
  checksum: 69412b5e25731e1938184b5d489c32e340605bb611d6140344abc3421b7f3c6f9984b21dff296dfcf056681b82caa3bb4cc996a965ce37bcfad663e92eae9c64
  languageName: node
  linkType: hard

"strip-final-newline@npm:^3.0.0":
  version: 3.0.0
  resolution: "strip-final-newline@npm:3.0.0"
  checksum: 23ee263adfa2070cd0f23d1ac14e2ed2f000c9b44229aec9c799f1367ec001478469560abefd00c5c99ee6f0b31c137d53ec6029c53e9f32a93804e18c201050
  languageName: node
  linkType: hard

"superagent@npm:^6.1.0":
  version: 6.1.0
  resolution: "superagent@npm:6.1.0"
  dependencies:
    component-emitter: ^1.3.0
    cookiejar: ^2.1.2
    debug: ^4.1.1
    fast-safe-stringify: ^2.0.7
    form-data: ^3.0.0
    formidable: ^1.2.2
    methods: ^1.1.2
    mime: ^2.4.6
    qs: ^6.9.4
    readable-stream: ^3.6.0
    semver: ^7.3.2
  checksum: 32ca1bc9805679cddeffdf5cf369da47359a0d38ee45ea668bba4116e17c247739e4084db9cc88217dd594a816e766a3dbf2431de017fbac0bc80efd6af30c1d
  languageName: node
  linkType: hard

"titleize@npm:^3.0.0":
  version: 3.0.0
  resolution: "titleize@npm:3.0.0"
  checksum: 71fbbeabbfb36ccd840559f67f21e356e1d03da2915b32d2ae1a60ddcc13a124be2739f696d2feb884983441d159a18649e8d956648d591bdad35c430a6b6d28
  languageName: node
  linkType: hard

"toidentifier@npm:1.0.1":
  version: 1.0.1
  resolution: "toidentifier@npm:1.0.1"
  checksum: 952c29e2a85d7123239b5cfdd889a0dde47ab0497f0913d70588f19c53f7e0b5327c95f4651e413c74b785147f9637b17410ac8c846d5d4a20a5a33eb6dc3a45
  languageName: node
  linkType: hard

"type-is@npm:~1.6.18":
  version: 1.6.18
  resolution: "type-is@npm:1.6.18"
  dependencies:
    media-typer: 0.3.0
    mime-types: ~2.1.24
  checksum: 2c8e47675d55f8b4e404bcf529abdf5036c537a04c2b20177bcf78c9e3c1da69da3942b1346e6edb09e823228c0ee656ef0e033765ec39a70d496ef601a0c657
  languageName: node
  linkType: hard

"unpipe@npm:1.0.0, unpipe@npm:~1.0.0":
  version: 1.0.0
  resolution: "unpipe@npm:1.0.0"
  checksum: 4fa18d8d8d977c55cb09715385c203197105e10a6d220087ec819f50cb68870f02942244f1017565484237f1f8c5d3cd413631b1ae104d3096f24fdfde1b4aa2
  languageName: node
  linkType: hard

"untildify@npm:^4.0.0":
  version: 4.0.0
  resolution: "untildify@npm:4.0.0"
  checksum: 39ced9c418a74f73f0a56e1ba4634b4d959422dff61f4c72a8e39f60b99380c1b45ed776fbaa0a4101b157e4310d873ad7d114e8534ca02609b4916bb4187fb9
  languageName: node
  linkType: hard

"util-deprecate@npm:^1.0.1":
  version: 1.0.2
  resolution: "util-deprecate@npm:1.0.2"
  checksum: 474acf1146cb2701fe3b074892217553dfcf9a031280919ba1b8d651a068c9b15d863b7303cb15bd00a862b498e6cf4ad7b4a08fb134edd5a6f7641681cb54a2
  languageName: node
  linkType: hard

"utils-merge@npm:1.0.1":
  version: 1.0.1
  resolution: "utils-merge@npm:1.0.1"
  checksum: c81095493225ecfc28add49c106ca4f09cdf56bc66731aa8dabc2edbbccb1e1bfe2de6a115e5c6a380d3ea166d1636410b62ef216bb07b3feb1cfde1d95d5080
  languageName: node
  linkType: hard

"vary@npm:~1.1.2":
  version: 1.1.2
  resolution: "vary@npm:1.1.2"
  checksum: ae0123222c6df65b437669d63dfa8c36cee20a504101b2fcd97b8bf76f91259c17f9f2b4d70a1e3c6bbcee7f51b28392833adb6b2770b23b01abec84e369660b
  languageName: node
  linkType: hard

"which@npm:^2.0.1":
  version: 2.0.2
  resolution: "which@npm:2.0.2"
  dependencies:
    isexe: ^2.0.0
  bin:
    node-which: ./bin/node-which
  checksum: 1a5c563d3c1b52d5f893c8b61afe11abc3bab4afac492e8da5bde69d550de701cf9806235f20a47b5c8fa8a1d6a9135841de2596535e998027a54589000e66d1
  languageName: node
  linkType: hard

"yallist@npm:^4.0.0":
  version: 4.0.0
  resolution: "yallist@npm:4.0.0"
  checksum: 343617202af32df2a15a3be36a5a8c0c8545208f3d3dfbc6bb7c3e3b7e8c6f8e7485432e4f3b88da3031a6e20afa7c711eded32ddfb122896ac5d914e75848d5
  languageName: node
  linkType: hard
